// !$*UTF8*$!
{
	archiveVersion = 1;
	classes = {
	};
	objectVersion = 46;
	objects = {

/* Begin PBXBuildFile section */
		9E648EB81D05609100B46754 /* FlatHalfBody.swift in Sources */ = {isa = PBXBuildFile; fileRef = 9E648EB71D05609100B46754 /* FlatHalfBody.swift */; };
		9E68D3771D01BBE200569B30 /* IONumbers.swift in Sources */ = {isa = PBXBuildFile; fileRef = 9E68D3761D01BBE200569B30 /* IONumbers.swift */; };
		9E68D3791D01F28800569B30 /* Interpolation.swift in Sources */ = {isa = PBXBuildFile; fileRef = 9E68D3781D01F28800569B30 /* Interpolation.swift */; };
		9E68D37B1D01F4C900569B30 /* CircularCylinder.swift in Sources */ = {isa = PBXBuildFile; fileRef = 9E68D37A1D01F4C900569B30 /* CircularCylinder.swift */; };
		9E68D37D1D01F84400569B30 /* Aerodynamic.swift in Sources */ = {isa = PBXBuildFile; fileRef = 9E68D37C1D01F84400569B30 /* Aerodynamic.swift */; };
		9E6924E91CFD90A700FC3349 /* main.swift in Sources */ = {isa = PBXBuildFile; fileRef = 9E6924E81CFD90A700FC3349 /* main.swift */; };
/* End PBXBuildFile section */

/* Begin PBXCopyFilesBuildPhase section */
		9E6924E31CFD90A700FC3349 /* CopyFiles */ = {
			isa = PBXCopyFilesBuildPhase;
			buildActionMask = 2147483647;
			dstPath = /usr/share/man/man1/;
			dstSubfolderSpec = 0;
			files = (
			);
			runOnlyForDeploymentPostprocessing = 1;
		};
/* End PBXCopyFilesBuildPhase section */

/* Begin PBXFileReference section */
		9E648EB71D05609100B46754 /* FlatHalfBody.swift */ = {isa = PBXFileReference; fileEncoding = 4; lastKnownFileType = sourcecode.swift; path = FlatHalfBody.swift; sourceTree = "<group>"; };
		9E68D3761D01BBE200569B30 /* IONumbers.swift */ = {isa = PBXFileReference; fileEncoding = 4; lastKnownFileType = sourcecode.swift; path = IONumbers.swift; sourceTree = "<group>"; };
		9E68D3781D01F28800569B30 /* Interpolation.swift */ = {isa = PBXFileReference; fileEncoding = 4; lastKnownFileType = sourcecode.swift; path = Interpolation.swift; sourceTree = "<group>"; };
		9E68D37A1D01F4C900569B30 /* CircularCylinder.swift */ = {isa = PBXFileReference; fileEncoding = 4; lastKnownFileType = sourcecode.swift; path = CircularCylinder.swift; sourceTree = "<group>"; };
		9E68D37C1D01F84400569B30 /* Aerodynamic.swift */ = {isa = PBXFileReference; fileEncoding = 4; lastKnownFileType = sourcecode.swift; path = Aerodynamic.swift; sourceTree = "<group>"; };
		9E6924E51CFD90A700FC3349 /* Versuch1 */ = {isa = PBXFileReference; explicitFileType = "compiled.mach-o.executable"; includeInIndex = 0; path = Versuch1; sourceTree = BUILT_PRODUCTS_DIR; };
		9E6924E81CFD90A700FC3349 /* main.swift */ = {isa = PBXFileReference; lastKnownFileType = sourcecode.swift; path = main.swift; sourceTree = "<group>"; };
/* End PBXFileReference section */

/* Begin PBXFrameworksBuildPhase section */
		9E6924E21CFD90A700FC3349 /* Frameworks */ = {
			isa = PBXFrameworksBuildPhase;
			buildActionMask = 2147483647;
			files = (
			);
			runOnlyForDeploymentPostprocessing = 0;
		};
/* End PBXFrameworksBuildPhase section */

/* Begin PBXGroup section */
		9E6924DC1CFD90A600FC3349 = {
			isa = PBXGroup;
			children = (
				9E6924E71CFD90A700FC3349 /* Versuch1 */,
				9E6924E61CFD90A700FC3349 /* Products */,
			);
			sourceTree = "<group>";
		};
		9E6924E61CFD90A700FC3349 /* Products */ = {
			isa = PBXGroup;
			children = (
				9E6924E51CFD90A700FC3349 /* Versuch1 */,
			);
			name = Products;
			sourceTree = "<group>";
		};
		9E6924E71CFD90A700FC3349 /* Versuch1 */ = {
			isa = PBXGroup;
			children = (
				9E6924E81CFD90A700FC3349 /* main.swift */,
				9E68D3761D01BBE200569B30 /* IONumbers.swift */,
				9E68D3781D01F28800569B30 /* Interpolation.swift */,
				9E68D37A1D01F4C900569B30 /* CircularCylinder.swift */,
				9E648EB71D05609100B46754 /* FlatHalfBody.swift */,
				9E68D37C1D01F84400569B30 /* Aerodynamic.swift */,
			);
			path = Versuch1;
			sourceTree = "<group>";
		};
/* End PBXGroup section */

/* Begin PBXNativeTarget section */
		9E6924E41CFD90A700FC3349 /* Versuch1 */ = {
			isa = PBXNativeTarget;
			buildConfigurationList = 9E6924EC1CFD90A700FC3349 /* Build configuration list for PBXNativeTarget "Versuch1" */;
			buildPhases = (
				9E6924E11CFD90A700FC3349 /* Sources */,
				9E6924E21CFD90A700FC3349 /* Frameworks */,
				9E6924E31CFD90A700FC3349 /* CopyFiles */,
			);
			buildRules = (
			);
			dependencies = (
			);
			name = Versuch1;
			productName = Versuch1;
			productReference = 9E6924E51CFD90A700FC3349 /* Versuch1 */;
			productType = "com.apple.product-type.tool";
		};
/* End PBXNativeTarget section */

/* Begin PBXProject section */
		9E6924DD1CFD90A600FC3349 /* Project object */ = {
			isa = PBXProject;
			attributes = {
				LastSwiftUpdateCheck = 0730;
				LastUpgradeCheck = 0730;
				ORGANIZATIONNAME = "Constantin Dullo";
				TargetAttributes = {
					9E6924E41CFD90A700FC3349 = {
						CreatedOnToolsVersion = 7.3.1;
					};
				};
			};
			buildConfigurationList = 9E6924E01CFD90A700FC3349 /* Build configuration list for PBXProject "Versuch1" */;
			compatibilityVersion = "Xcode 3.2";
			developmentRegion = English;
			hasScannedForEncodings = 0;
			knownRegions = (
				en,
			);
			mainGroup = 9E6924DC1CFD90A600FC3349;
			productRefGroup = 9E6924E61CFD90A700FC3349 /* Products */;
			projectDirPath = "";
			projectRoot = "";
			targets = (
				9E6924E41CFD90A700FC3349 /* Versuch1 */,
			);
		};
/* End PBXProject section */

/* Begin PBXSourcesBuildPhase section */
		9E6924E11CFD90A700FC3349 /* Sources */ = {
			isa = PBXSourcesBuildPhase;
			buildActionMask = 2147483647;
			files = (
				9E68D37D1D01F84400569B30 /* Aerodynamic.swift in Sources */,
				9E648EB81D05609100B46754 /* FlatHalfBody.swift in Sources */,
				9E6924E91CFD90A700FC3349 /* main.swift in Sources */,
				9E68D37B1D01F4C900569B30 /* CircularCylinder.swift in Sources */,
				9E68D3771D01BBE200569B30 /* IONumbers.swift in Sources */,
				9E68D3791D01F28800569B30 /* Interpolation.swift in Sources */,
			);
			runOnlyForDeploymentPostprocessing = 0;
		};
/* End PBXSourcesBuildPhase section */

/* Begin XCBuildConfiguration section */
		9E6924EA1CFD90A700FC3349 /* Debug */ = {
			isa = XCBuildConfiguration;
			buildSettings = {
				ALWAYS_SEARCH_USER_PATHS = NO;
				CLANG_ANALYZER_NONNULL = YES;
				CLANG_CXX_LANGUAGE_STANDARD = "gnu++0x";
				CLANG_CXX_LIBRARY = "libc++";
				CLANG_ENABLE_MODULES = YES;
				CLANG_ENABLE_OBJC_ARC = YES;
				CLANG_WARN_BOOL_CONVERSION = YES;
				CLANG_WARN_CONSTANT_CONVERSION = YES;
				CLANG_WARN_DIRECT_OBJC_ISA_USAGE = YES_ERROR;
				CLANG_WARN_EMPTY_BODY = YES;
				CLANG_WARN_ENUM_CONVERSION = YES;
				CLANG_WARN_INT_CONVERSION = YES;
				CLANG_WARN_OBJC_ROOT_CLASS = YES_ERROR;
				CLANG_WARN_UNREACHABLE_CODE = YES;
				CLANG_WARN__DUPLICATE_METHOD_MATCH = YES;
				CODE_SIGN_IDENTITY = "-";
				COPY_PHASE_STRIP = NO;
				DEBUG_INFORMATION_FORMAT = dwarf;
				ENABLE_STRICT_OBJC_MSGSEND = YES;
				ENABLE_TESTABILITY = YES;
				GCC_C_LANGUAGE_STANDARD = gnu99;
				GCC_DYNAMIC_NO_PIC = NO;
				GCC_NO_COMMON_BLOCKS = YES;
				GCC_OPTIMIZATION_LEVEL = 0;
				GCC_PREPROCESSOR_DEFINITIONS = (
					"DEBUG=1",
					"$(inherited)",
				);
				GCC_WARN_64_TO_32_BIT_CONVERSION = YES;
				GCC_WARN_ABOUT_RETURN_TYPE = YES_ERROR;
				GCC_WARN_UNDECLARED_SELECTOR = YES;
				GCC_WARN_UNINITIALIZED_AUTOS = YES_AGGRESSIVE;
				GCC_WARN_UNUSED_FUNCTION = YES;
				GCC_WARN_UNUSED_VARIABLE = YES;
				MACOSX_DEPLOYMENT_TARGET = 10.11;
				MTL_ENABLE_DEBUG_INFO = YES;
				ONLY_ACTIVE_ARCH = YES;
				SDKROOT = macosx;
				SWIFT_OPTIMIZATION_LEVEL = "-Onone";
			};
			name = Debug;
		};
		9E6924EB1CFD90A700FC3349 /* Release */ = {
			isa = XCBuildConfiguration;
			buildSettings = {
				ALWAYS_SEARCH_USER_PATHS = NO;
				CLANG_ANALYZER_NONNULL = YES;
				CLANG_CXX_LANGUAGE_STANDARD = "gnu++0x";
				CLANG_CXX_LIBRARY = "libc++";
				CLANG_ENABLE_MODULES = YES;
				CLANG_ENABLE_OBJC_ARC = YES;
				CLANG_WARN_BOOL_CONVERSION = YES;
				CLANG_WARN_CONSTANT_CONVERSION = YES;
				CLANG_WARN_DIRECT_OBJC_ISA_USAGE = YES_ERROR;
				CLANG_WARN_EMPTY_BODY = YES;
				CLANG_WARN_ENUM_CONVERSION = YES;
				CLANG_WARN_INT_CONVERSION = YES;
				CLANG_WARN_OBJC_ROOT_CLASS = YES_ERROR;
				CLANG_WARN_UNREACHABLE_CODE = YES;
				CLANG_WARN__DUPLICATE_METHOD_MATCH = YES;
				CODE_SIGN_IDENTITY = "-";
				COPY_PHASE_STRIP = NO;
				DEBUG_INFORMATION_FORMAT = "dwarf-with-dsym";
				ENABLE_NS_ASSERTIONS = NO;
				ENABLE_STRICT_OBJC_MSGSEND = YES;
				GCC_C_LANGUAGE_STANDARD = gnu99;
				GCC_NO_COMMON_BLOCKS = YES;
				GCC_WARN_64_TO_32_BIT_CONVERSION = YES;
				GCC_WARN_ABOUT_RETURN_TYPE = YES_ERROR;
				GCC_WARN_UNDECLARED_SELECTOR = YES;
				GCC_WARN_UNINITIALIZED_AUTOS = YES_AGGRESSIVE;
				GCC_WARN_UNUSED_FUNCTION = YES;
				GCC_WARN_UNUSED_VARIABLE = YES;
				MACOSX_DEPLOYMENT_TARGET = 10.11;
				MTL_ENABLE_DEBUG_INFO = NO;
				SDKROOT = macosx;
			};
			name = Release;
		};
		9E6924ED1CFD90A700FC3349 /* Debug */ = {
			isa = XCBuildConfiguration;
			buildSettings = {
				PRODUCT_NAME = "$(TARGET_NAME)";
			};
			name = Debug;
		};
		9E6924EE1CFD90A700FC3349 /* Release */ = {
			isa = XCBuildConfiguration;
			buildSettings = {
				PRODUCT_NAME = "$(TARGET_NAME)";
			};
			name = Release;
		};
/* End XCBuildConfiguration section */

/* Begin XCConfigurationList section */
		9E6924E01CFD90A700FC3349 /* Build configuration list for PBXProject "Versuch1" */ = {
			isa = XCConfigurationList;
			buildConfigurations = (
				9E6924EA1CFD90A700FC3349 /* Debug */,
				9E6924EB1CFD90A700FC3349 /* Release */,
			);
			defaultConfigurationIsVisible = 0;
			defaultConfigurationName = Release;
		};
		9E6924EC1CFD90A700FC3349 /* Build configuration list for PBXNativeTarget "Versuch1" */ = {
			isa = XCConfigurationList;
			buildConfigurations = (
				9E6924ED1CFD90A700FC3349 /* Debug */,
				9E6924EE1CFD90A700FC3349 /* Release */,
			);
			defaultConfigurationIsVisible = 0;
			defaultConfigurationName = Release;
		};
/* End XCConfigurationList section */
	};
	rootObject = 9E6924DD1CFD90A600FC3349 /* Project object */;
}
